// !$*UTF8*$!
{
	archiveVersion = 1;
	classes = {
	};
	objectVersion = 48;
	objects = {

/* Begin PBXBuildFile section */
		CF0D7A701FCA93FE00AE50C1 /* HTPhotoBrowserViewController.swift in Sources */ = {isa = PBXBuildFile; fileRef = CF0D7A6F1FCA93FE00AE50C1 /* HTPhotoBrowserViewController.swift */; };
		CF0D7A721FCA976300AE50C1 /* HTPhotosModel.swift in Sources */ = {isa = PBXBuildFile; fileRef = CF0D7A711FCA976300AE50C1 /* HTPhotosModel.swift */; };
		CF0D7A741FCA9A5300AE50C1 /* HTPhotoBrowserCell.swift in Sources */ = {isa = PBXBuildFile; fileRef = CF0D7A731FCA9A5300AE50C1 /* HTPhotoBrowserCell.swift */; };
		CF0D7A761FCA9B6900AE50C1 /* UIColor-Extension.swift in Sources */ = {isa = PBXBuildFile; fileRef = CF0D7A751FCA9B6900AE50C1 /* UIColor-Extension.swift */; };
		CF0D7A781FCA9E9C00AE50C1 /* HTPhotoBrowserAnomations.swift in Sources */ = {isa = PBXBuildFile; fileRef = CF0D7A771FCA9E9C00AE50C1 /* HTPhotoBrowserAnomations.swift */; };
		CF476FEB1FC94034009E1867 /* AppDelegate.swift in Sources */ = {isa = PBXBuildFile; fileRef = CF476FEA1FC94034009E1867 /* AppDelegate.swift */; };
		CF476FED1FC94034009E1867 /* ViewController.swift in Sources */ = {isa = PBXBuildFile; fileRef = CF476FEC1FC94034009E1867 /* ViewController.swift */; };
		CF476FF01FC94034009E1867 /* Main.storyboard in Resources */ = {isa = PBXBuildFile; fileRef = CF476FEE1FC94034009E1867 /* Main.storyboard */; };
		CF476FF21FC94034009E1867 /* Assets.xcassets in Resources */ = {isa = PBXBuildFile; fileRef = CF476FF11FC94034009E1867 /* Assets.xcassets */; };
		CF476FF51FC94034009E1867 /* LaunchScreen.storyboard in Resources */ = {isa = PBXBuildFile; fileRef = CF476FF31FC94034009E1867 /* LaunchScreen.storyboard */; };
		CF476FFD1FC94524009E1867 /* waterfallLayout.swift in Sources */ = {isa = PBXBuildFile; fileRef = CF476FFC1FC94524009E1867 /* waterfallLayout.swift */; };
/* End PBXBuildFile section */

/* Begin PBXFileReference section */
		CF0D7A6F1FCA93FE00AE50C1 /* HTPhotoBrowserViewController.swift */ = {isa = PBXFileReference; lastKnownFileType = sourcecode.swift; path = HTPhotoBrowserViewController.swift; sourceTree = "<group>"; };
		CF0D7A711FCA976300AE50C1 /* HTPhotosModel.swift */ = {isa = PBXFileReference; lastKnownFileType = sourcecode.swift; path = HTPhotosModel.swift; sourceTree = "<group>"; };
		CF0D7A731FCA9A5300AE50C1 /* HTPhotoBrowserCell.swift */ = {isa = PBXFileReference; lastKnownFileType = sourcecode.swift; path = HTPhotoBrowserCell.swift; sourceTree = "<group>"; };
		CF0D7A751FCA9B6900AE50C1 /* UIColor-Extension.swift */ = {isa = PBXFileReference; fileEncoding = 4; lastKnownFileType = sourcecode.swift; path = "UIColor-Extension.swift"; sourceTree = "<group>"; };
		CF0D7A771FCA9E9C00AE50C1 /* HTPhotoBrowserAnomations.swift */ = {isa = PBXFileReference; lastKnownFileType = sourcecode.swift; path = HTPhotoBrowserAnomations.swift; sourceTree = "<group>"; };
		CF476FE71FC94034009E1867 /* photoBrowserExample.app */ = {isa = PBXFileReference; explicitFileType = wrapper.application; includeInIndex = 0; path = photoBrowserExample.app; sourceTree = BUILT_PRODUCTS_DIR; };
		CF476FEA1FC94034009E1867 /* AppDelegate.swift */ = {isa = PBXFileReference; lastKnownFileType = sourcecode.swift; path = AppDelegate.swift; sourceTree = "<group>"; };
		CF476FEC1FC94034009E1867 /* ViewController.swift */ = {isa = PBXFileReference; lastKnownFileType = sourcecode.swift; path = ViewController.swift; sourceTree = "<group>"; };
		CF476FEF1FC94034009E1867 /* Base */ = {isa = PBXFileReference; lastKnownFileType = file.storyboard; name = Base; path = Base.lproj/Main.storyboard; sourceTree = "<group>"; };
		CF476FF11FC94034009E1867 /* Assets.xcassets */ = {isa = PBXFileReference; lastKnownFileType = folder.assetcatalog; path = Assets.xcassets; sourceTree = "<group>"; };
		CF476FF41FC94034009E1867 /* Base */ = {isa = PBXFileReference; lastKnownFileType = file.storyboard; name = Base; path = Base.lproj/LaunchScreen.storyboard; sourceTree = "<group>"; };
		CF476FF61FC94034009E1867 /* Info.plist */ = {isa = PBXFileReference; lastKnownFileType = text.plist.xml; path = Info.plist; sourceTree = "<group>"; };
		CF476FFC1FC94524009E1867 /* waterfallLayout.swift */ = {isa = PBXFileReference; lastKnownFileType = sourcecode.swift; path = waterfallLayout.swift; sourceTree = "<group>"; };
/* End PBXFileReference section */

/* Begin PBXFrameworksBuildPhase section */
		CF476FE41FC94034009E1867 /* Frameworks */ = {
			isa = PBXFrameworksBuildPhase;
			buildActionMask = 2147483647;
			files = (
			);
			runOnlyForDeploymentPostprocessing = 0;
		};
/* End PBXFrameworksBuildPhase section */

/* Begin PBXGroup section */
		CF0D7A6E1FCA938900AE50C1 /* HTPhotoBrowser */ = {
			isa = PBXGroup;
			children = (
				CF0D7A6F1FCA93FE00AE50C1 /* HTPhotoBrowserViewController.swift */,
				CF0D7A771FCA9E9C00AE50C1 /* HTPhotoBrowserAnomations.swift */,
				CF0D7A731FCA9A5300AE50C1 /* HTPhotoBrowserCell.swift */,
				CF0D7A711FCA976300AE50C1 /* HTPhotosModel.swift */,
			);
			path = HTPhotoBrowser;
			sourceTree = "<group>";
		};
		CF476FDE1FC94034009E1867 = {
			isa = PBXGroup;
			children = (
				CF476FE91FC94034009E1867 /* photoBrowserExample */,
				CF476FE81FC94034009E1867 /* Products */,
			);
			sourceTree = "<group>";
		};
		CF476FE81FC94034009E1867 /* Products */ = {
			isa = PBXGroup;
			children = (
				CF476FE71FC94034009E1867 /* photoBrowserExample.app */,
			);
			name = Products;
			sourceTree = "<group>";
		};
		CF476FE91FC94034009E1867 /* photoBrowserExample */ = {
			isa = PBXGroup;
			children = (
				CF0D7A6E1FCA938900AE50C1 /* HTPhotoBrowser */,
				CF476FEA1FC94034009E1867 /* AppDelegate.swift */,
				CF476FEC1FC94034009E1867 /* ViewController.swift */,
				CF476FFC1FC94524009E1867 /* waterfallLayout.swift */,
				CF0D7A751FCA9B6900AE50C1 /* UIColor-Extension.swift */,
				CF476FEE1FC94034009E1867 /* Main.storyboard */,
				CF476FF11FC94034009E1867 /* Assets.xcassets */,
				CF476FF31FC94034009E1867 /* LaunchScreen.storyboard */,
				CF476FF61FC94034009E1867 /* Info.plist */,
			);
			path = photoBrowserExample;
			sourceTree = "<group>";
		};
/* End PBXGroup section */

/* Begin PBXNativeTarget section */
		CF476FE61FC94034009E1867 /* photoBrowserExample */ = {
			isa = PBXNativeTarget;
			buildConfigurationList = CF476FF91FC94034009E1867 /* Build configuration list for PBXNativeTarget "photoBrowserExample" */;
			buildPhases = (
				CF476FE31FC94034009E1867 /* Sources */,
				CF476FE41FC94034009E1867 /* Frameworks */,
				CF476FE51FC94034009E1867 /* Resources */,
			);
			buildRules = (
			);
			dependencies = (
			);
			name = photoBrowserExample;
			productName = photoBrowserExample;
			productReference = CF476FE71FC94034009E1867 /* photoBrowserExample.app */;
			productType = "com.apple.product-type.application";
		};
/* End PBXNativeTarget section */

/* Begin PBXProject section */
		CF476FDF1FC94034009E1867 /* Project object */ = {
			isa = PBXProject;
			attributes = {
				LastSwiftUpdateCheck = 0910;
				LastUpgradeCheck = 0910;
				ORGANIZATIONNAME = "魏小庄";
				TargetAttributes = {
					CF476FE61FC94034009E1867 = {
						CreatedOnToolsVersion = 9.1;
						ProvisioningStyle = Automatic;
					};
				};
			};
			buildConfigurationList = CF476FE21FC94034009E1867 /* Build configuration list for PBXProject "photoBrowserExample" */;
			compatibilityVersion = "Xcode 8.0";
			developmentRegion = en;
			hasScannedForEncodings = 0;
			knownRegions = (
				en,
				Base,
			);
			mainGroup = CF476FDE1FC94034009E1867;
			productRefGroup = CF476FE81FC94034009E1867 /* Products */;
			projectDirPath = "";
			projectRoot = "";
			targets = (
				CF476FE61FC94034009E1867 /* photoBrowserExample */,
			);
		};
/* End PBXProject section */

/* Begin PBXResourcesBuildPhase section */
		CF476FE51FC94034009E1867 /* Resources */ = {
			isa = PBXResourcesBuildPhase;
			buildActionMask = 2147483647;
			files = (
				CF476FF51FC94034009E1867 /* LaunchScreen.storyboard in Resources */,
				CF476FF21FC94034009E1867 /* Assets.xcassets in Resources */,
				CF476FF01FC94034009E1867 /* Main.storyboard in Resources */,
			);
			runOnlyForDeploymentPostprocessing = 0;
		};
/* End PBXResourcesBuildPhase section */

/* Begin PBXSourcesBuildPhase section */
		CF476FE31FC94034009E1867 /* Sources */ = {
			isa = PBXSourcesBuildPhase;
			buildActionMask = 2147483647;
			files = (
				CF0D7A721FCA976300AE50C1 /* HTPhotosModel.swift in Sources */,
				CF0D7A741FCA9A5300AE50C1 /* HTPhotoBrowserCell.swift in Sources */,
				CF476FED1FC94034009E1867 /* ViewController.swift in Sources */,
				CF476FFD1FC94524009E1867 /* waterfallLayout.swift in Sources */,
				CF0D7A781FCA9E9C00AE50C1 /* HTPhotoBrowserAnomations.swift in Sources */,
				CF0D7A701FCA93FE00AE50C1 /* HTPhotoBrowserViewController.swift in Sources */,
				CF0D7A761FCA9B6900AE50C1 /* UIColor-Extension.swift in Sources */,
				CF476FEB1FC94034009E1867 /* AppDelegate.swift in Sources */,
			);
			runOnlyForDeploymentPostprocessing = 0;
		};
/* End PBXSourcesBuildPhase section */

/* Begin PBXVariantGroup section */
		CF476FEE1FC94034009E1867 /* Main.storyboard */ = {
			isa = PBXVariantGroup;
			children = (
				CF476FEF1FC94034009E1867 /* Base */,
			);
			name = Main.storyboard;
			sourceTree = "<group>";
		};
		CF476FF31FC94034009E1867 /* LaunchScreen.storyboard */ = {
			isa = PBXVariantGroup;
			children = (
				CF476FF41FC94034009E1867 /* Base */,
			);
			name = LaunchScreen.storyboard;
			sourceTree = "<group>";
		};
/* End PBXVariantGroup section */

/* Begin XCBuildConfiguration section */
		CF476FF71FC94034009E1867 /* Debug */ = {
			isa = XCBuildConfiguration;
			buildSettings = {
				ALWAYS_SEARCH_USER_PATHS = NO;
				CLANG_ANALYZER_NONNULL = YES;
				CLANG_ANALYZER_NUMBER_OBJECT_CONVERSION = YES_AGGRESSIVE;
				CLANG_CXX_LANGUAGE_STANDARD = "gnu++14";
				CLANG_CXX_LIBRARY = "libc++";
				CLANG_ENABLE_MODULES = YES;
				CLANG_ENABLE_OBJC_ARC = YES;
				CLANG_WARN_BLOCK_CAPTURE_AUTORELEASING = YES;
				CLANG_WARN_BOOL_CONVERSION = YES;
				CLANG_WARN_COMMA = YES;
				CLANG_WARN_CONSTANT_CONVERSION = YES;
				CLANG_WARN_DIRECT_OBJC_ISA_USAGE = YES_ERROR;
				CLANG_WARN_DOCUMENTATION_COMMENTS = YES;
				CLANG_WARN_EMPTY_BODY = YES;
				CLANG_WARN_ENUM_CONVERSION = YES;
				CLANG_WARN_INFINITE_RECURSION = YES;
				CLANG_WARN_INT_CONVERSION = YES;
				CLANG_WARN_NON_LITERAL_NULL_CONVERSION = YES;
				CLANG_WARN_OBJC_LITERAL_CONVERSION = YES;
				CLANG_WARN_OBJC_ROOT_CLASS = YES_ERROR;
				CLANG_WARN_RANGE_LOOP_ANALYSIS = YES;
				CLANG_WARN_STRICT_PROTOTYPES = YES;
				CLANG_WARN_SUSPICIOUS_MOVE = YES;
				CLANG_WARN_UNGUARDED_AVAILABILITY = YES_AGGRESSIVE;
				CLANG_WARN_UNREACHABLE_CODE = YES;
				CLANG_WARN__DUPLICATE_METHOD_MATCH = YES;
				CODE_SIGN_IDENTITY = "iPhone Developer";
				COPY_PHASE_STRIP = NO;
				DEBUG_INFORMATION_FORMAT = dwarf;
				ENABLE_STRICT_OBJC_MSGSEND = YES;
				ENABLE_TESTABILITY = YES;
				GCC_C_LANGUAGE_STANDARD = gnu11;
				GCC_DYNAMIC_NO_PIC = NO;
				GCC_NO_COMMON_BLOCKS = YES;
				GCC_OPTIMIZATION_LEVEL = 0;
				GCC_PREPROCESSOR_DEFINITIONS = (
					"DEBUG=1",
					"$(inherited)",
				);
				GCC_WARN_64_TO_32_BIT_CONVERSION = YES;
				GCC_WARN_ABOUT_RETURN_TYPE = YES_ERROR;
				GCC_WARN_UNDECLARED_SELECTOR = YES;
				GCC_WARN_UNINITIALIZED_AUTOS = YES_AGGRESSIVE;
				GCC_WARN_UNUSED_FUNCTION = YES;
				GCC_WARN_UNUSED_VARIABLE = YES;
				IPHONEOS_DEPLOYMENT_TARGET = 11.1;
				MTL_ENABLE_DEBUG_INFO = YES;
				ONLY_ACTIVE_ARCH = YES;
				SDKROOT = iphoneos;
				SWIFT_ACTIVE_COMPILATION_CONDITIONS = DEBUG;
				SWIFT_OPTIMIZATION_LEVEL = "-Onone";
			};
			name = Debug;
		};
		CF476FF81FC94034009E1867 /* Release */ = {
			isa = XCBuildConfiguration;
			buildSettings = {
				ALWAYS_SEARCH_USER_PATHS = NO;
				CLANG_ANALYZER_NONNULL = YES;
				CLANG_ANALYZER_NUMBER_OBJECT_CONVERSION = YES_AGGRESSIVE;
				CLANG_CXX_LANGUAGE_STANDARD = "gnu++14";
				CLANG_CXX_LIBRARY = "libc++";
				CLANG_ENABLE_MODULES = YES;
				CLANG_ENABLE_OBJC_ARC = YES;
				CLANG_WARN_BLOCK_CAPTURE_AUTORELEASING = YES;
				CLANG_WARN_BOOL_CONVERSION = YES;
				CLANG_WARN_COMMA = YES;
				CLANG_WARN_CONSTANT_CONVERSION = YES;
				CLANG_WARN_DIRECT_OBJC_ISA_USAGE = YES_ERROR;
				CLANG_WARN_DOCUMENTATION_COMMENTS = YES;
				CLANG_WARN_EMPTY_BODY = YES;
				CLANG_WARN_ENUM_CONVERSION = YES;
				CLANG_WARN_INFINITE_RECURSION = YES;
				CLANG_WARN_INT_CONVERSION = YES;
				CLANG_WARN_NON_LITERAL_NULL_CONVERSION = YES;
				CLANG_WARN_OBJC_LITERAL_CONVERSION = YES;
				CLANG_WARN_OBJC_ROOT_CLASS = YES_ERROR;
				CLANG_WARN_RANGE_LOOP_ANALYSIS = YES;
				CLANG_WARN_STRICT_PROTOTYPES = YES;
				CLANG_WARN_SUSPICIOUS_MOVE = YES;
				CLANG_WARN_UNGUARDED_AVAILABILITY = YES_AGGRESSIVE;
				CLANG_WARN_UNREACHABLE_CODE = YES;
				CLANG_WARN__DUPLICATE_METHOD_MATCH = YES;
				CODE_SIGN_IDENTITY = "iPhone Developer";
				COPY_PHASE_STRIP = NO;
				DEBUG_INFORMATION_FORMAT = "dwarf-with-dsym";
				ENABLE_NS_ASSERTIONS = NO;
				ENABLE_STRICT_OBJC_MSGSEND = YES;
				GCC_C_LANGUAGE_STANDARD = gnu11;
				GCC_NO_COMMON_BLOCKS = YES;
				GCC_WARN_64_TO_32_BIT_CONVERSION = YES;
				GCC_WARN_ABOUT_RETURN_TYPE = YES_ERROR;
				GCC_WARN_UNDECLARED_SELECTOR = YES;
				GCC_WARN_UNINITIALIZED_AUTOS = YES_AGGRESSIVE;
				GCC_WARN_UNUSED_FUNCTION = YES;
				GCC_WARN_UNUSED_VARIABLE = YES;
				IPHONEOS_DEPLOYMENT_TARGET = 11.1;
				MTL_ENABLE_DEBUG_INFO = NO;
				SDKROOT = iphoneos;
				SWIFT_OPTIMIZATION_LEVEL = "-Owholemodule";
				VALIDATE_PRODUCT = YES;
			};
			name = Release;
		};
		CF476FFA1FC94034009E1867 /* Debug */ = {
			isa = XCBuildConfiguration;
			buildSettings = {
				ASSETCATALOG_COMPILER_APPICON_NAME = AppIcon;
				CODE_SIGN_STYLE = Automatic;
				DEVELOPMENT_TEAM = XRQ3MA22VC;
				INFOPLIST_FILE = photoBrowserExample/Info.plist;
				IPHONEOS_DEPLOYMENT_TARGET = 9.0;
				LD_RUNPATH_SEARCH_PATHS = "$(inherited) @executable_path/Frameworks";
				PRODUCT_BUNDLE_IDENTIFIER = com.puc.presto.ewallet.photoBrowserExample;
				PRODUCT_NAME = "$(TARGET_NAME)";
				SWIFT_VERSION = 4.0;
				TARGETED_DEVICE_FAMILY = "1,2";
			};
			name = Debug;
		};
		CF476FFB1FC94034009E1867 /* Release */ = {
			isa = XCBuildConfiguration;
			buildSettings = {
				ASSETCATALOG_COMPILER_APPICON_NAME = AppIcon;
				CODE_SIGN_STYLE = Automatic;
				DEVELOPMENT_TEAM = XRQ3MA22VC;
				INFOPLIST_FILE = photoBrowserExample/Info.plist;
				IPHONEOS_DEPLOYMENT_TARGET = 9.0;
				LD_RUNPATH_SEARCH_PATHS = "$(inherited) @executable_path/Frameworks";
				PRODUCT_BUNDLE_IDENTIFIER = com.puc.presto.ewallet.photoBrowserExample;
				PRODUCT_NAME = "$(TARGET_NAME)";
				SWIFT_VERSION = 4.0;
				TARGETED_DEVICE_FAMILY = "1,2";
			};
			name = Release;
		};
/* End XCBuildConfiguration section */

/* Begin XCConfigurationList section */
		CF476FE21FC94034009E1867 /* Build configuration list for PBXProject "photoBrowserExample" */ = {
			isa = XCConfigurationList;
			buildConfigurations = (
				CF476FF71FC94034009E1867 /* Debug */,
				CF476FF81FC94034009E1867 /* Release */,
			);
			defaultConfigurationIsVisible = 0;
			defaultConfigurationName = Release;
		};
		CF476FF91FC94034009E1867 /* Build configuration list for PBXNativeTarget "photoBrowserExample" */ = {
			isa = XCConfigurationList;
			buildConfigurations = (
				CF476FFA1FC94034009E1867 /* Debug */,
				CF476FFB1FC94034009E1867 /* Release */,
			);
			defaultConfigurationIsVisible = 0;
			defaultConfigurationName = Release;
		};
/* End XCConfigurationList section */
	};
	rootObject = CF476FDF1FC94034009E1867 /* Project object */;
}
